
Microsoft Visual Studio Solution File, Format Version 12.00
# Visual Studio Version 16
VisualStudioVersion = 16.0.29926.136
MinimumVisualStudioVersion = 10.0.40219.1
Project("{FAE04EC0-301F-11D3-BF4B-00C04F79EFBC}") = "ConsoleApp4", "ConsoleApp4.csproj", "{B219CBE8-11C6-4B72-BD9D-A6AA4A5AF8AB}"
EndProject
Global
	GlobalSection(SolutionConfigurationPlatforms) = preSolution
		Debug|Any CPU = Debug|Any CPU
		Release|Any CPU = Release|Any CPU
	EndGlobalSection
	GlobalSection(ProjectConfigurationPlatforms) = postSolution
		{B219CBE8-11C6-4B72-BD9D-A6AA4A5AF8AB}.Debug|Any CPU.ActiveCfg = Debug|Any CPU
		{B219CBE8-11C6-4B72-BD9D-A6AA4A5AF8AB}.Debug|Any CPU.Build.0 = Debug|Any CPU
		{B219CBE8-11C6-4B72-BD9D-A6AA4A5AF8AB}.Release|Any CPU.ActiveCfg = Release|Any CPU
		{B219CBE8-11C6-4B72-BD9D-A6AA4A5AF8AB}.Release|Any CPU.Build.0 = Release|Any CPU
	EndGlobalSection
	GlobalSection(SolutionProperties) = preSolution
		HideSolutionNode = FALSE
	EndGlobalSection
	GlobalSection(ExtensibilityGlobals) = postSolution
		SolutionGuid = {CD273749-19B3-4E39-8195-67209CDF1943}
	EndGlobalSection
EndGlobal
